github.com/jaysantosh/Test/wallet-backend v0.0.0-20250512132356-618262b174ac h1:IzbfbO/bRvHbHZ9SOnd9PKOx9WL9V9BJLUlUhaOcITs=
github.com/jaysantosh/Test/wallet-backend v0.0.0-20250512132356-618262b174ac/go.mod h1:ffdPWHO1Mg5xDVBJ6yXErrMxLjI4aGMRX8k/YzrVMpA=
github.com/jaysantosh/Test/wallet-backend v0.0.0-20250512133122-58f2a17620ae h1:ECoyIzoeOgJSxL8FWeRMDnS2GfQxCZTGUmWySdWeRf8=
github.com/jaysantosh/Test/wallet-backend v0.0.0-20250512133122-58f2a17620ae/go.mod h1:7hLNd5DrQZGW5NWvPxk/oKv3OWhcIJMoWb+ad9S21xw=
